Microsoft Visual Studio Solution File, Format Version 12.00
# Visual Studio Version 17
VisualStudioVersion = 17.5.2.0
MinimumVisualStudioVersion = 10.0.40219.1
Project("{FAE04EC0-301F-11D3-BF4B-00C04F79EFBC}") = "FIUAPI", "FIUAPI\FIUAPI.csproj", "{CFA79F4F-54BC-8839-79FC-D90E405BEF14}"
EndProject
Global
	GlobalSection(SolutionConfigurationPlatforms) = preSolution
		Debug|Any CPU = Debug|Any CPU
		Release|Any CPU = Release|Any CPU
	EndGlobalSection
	GlobalSection(ProjectConfigurationPlatforms) = postSolution
		{CFA79F4F-54BC-8839-79FC-D90E405BEF14}.Debug|Any CPU.ActiveCfg = Debug|Any CPU
		{CFA79F4F-54BC-8839-79FC-D90E405BEF14}.Debug|Any CPU.Build.0 = Debug|Any CPU
		{CFA79F4F-54BC-8839-79FC-D90E405BEF14}.Release|Any CPU.ActiveCfg = Release|Any CPU
		{CFA79F4F-54BC-8839-79FC-D90E405BEF14}.Release|Any CPU.Build.0 = Release|Any CPU
	EndGlobalSection
	GlobalSection(SolutionProperties) = preSolution
		HideSolutionNode = FALSE
	EndGlobalSection
	GlobalSection(ExtensibilityGlobals) = postSolution
		SolutionGuid = {1487CF24-A62B-4363-AC2A-5A26A5956396}
	EndGlobalSection
EndGlobal
